schema: '2.0'
stages:
  parse-pcap:
    cmd: bb parse-traffic.clj data/2017-05-02_normal.pcap data/2018-01-30_win17.pcap
      data/2018-03-01_win9.pcap data/2018-05-03_win12.pcap
    deps:
    - path: data
      hash: md5
      md5: 1516477b5f007c59ce4f19416da43f19.dir
      size: 1701572164
      nfiles: 9
    - path: parse-traffic.clj
      hash: md5
      md5: f649a62b9942e2566b0817eb129ac6fe
      size: 1713
    outs:
    - path: build/zlogs
      hash: md5
      md5: 539d7a263e62392e790cac0ce7a740dd.dir
      size: 1041921229
      nfiles: 51
